
Microsoft Visual Studio Solution File, Format Version 12.00
# Visual Studio Version 16
VisualStudioVersion = 16.0.30523.141
MinimumVisualStudioVersion = 10.0.40219.1
Project("{9A19103F-16F7-4668-BE54-9A1E7A4F7556}") = "WebInsuranceCompany", "WebInsuranceCompany\WebInsuranceCompany.csproj", "{545C7322-46F5-4306-8ABB-0FCA9F5B74D2}"
EndProject
Global
	GlobalSection(SolutionConfigurationPlatforms) = preSolution
		Debug|Any CPU = Debug|Any CPU
		Release|Any CPU = Release|Any CPU
	EndGlobalSection
	GlobalSection(ProjectConfigurationPlatforms) = postSolution
		{545C7322-46F5-4306-8ABB-0FCA9F5B74D2}.Debug|Any CPU.ActiveCfg = Debug|Any CPU
		{545C7322-46F5-4306-8ABB-0FCA9F5B74D2}.Debug|Any CPU.Build.0 = Debug|Any CPU
		{545C7322-46F5-4306-8ABB-0FCA9F5B74D2}.Release|Any CPU.ActiveCfg = Release|Any CPU
		{545C7322-46F5-4306-8ABB-0FCA9F5B74D2}.Release|Any CPU.Build.0 = Release|Any CPU
	EndGlobalSection
	GlobalSection(SolutionProperties) = preSolution
		HideSolutionNode = FALSE
	EndGlobalSection
	GlobalSection(ExtensibilityGlobals) = postSolution
		SolutionGuid = {68620A2A-7C07-4F5C-A6C5-1561C38D37ED}
	EndGlobalSection
EndGlobal
